
Microsoft Visual Studio Solution File, Format Version 12.00
# Visual Studio Version 17
VisualStudioVersion = 17.13.35818.85 d17.13
MinimumVisualStudioVersion = 10.0.40219.1
Project("{FAE04EC0-301F-11D3-BF4B-00C04F79EFBC}") = "MoreObtainingTooltips", "MoreObtainingTooltips.csproj", "{4C07C14B-53C3-7166-39A5-7C4B1DC3E855}"
EndProject
Global
	GlobalSection(SolutionConfigurationPlatforms) = preSolution
		Debug|Any CPU = Debug|Any CPU
		Release|Any CPU = Release|Any CPU
	EndGlobalSection
	GlobalSection(ProjectConfigurationPlatforms) = postSolution
		{4C07C14B-53C3-7166-39A5-7C4B1DC3E855}.Debug|Any CPU.ActiveCfg = Debug|Any CPU
		{4C07C14B-53C3-7166-39A5-7C4B1DC3E855}.Debug|Any CPU.Build.0 = Debug|Any CPU
		{4C07C14B-53C3-7166-39A5-7C4B1DC3E855}.Release|Any CPU.ActiveCfg = Release|Any CPU
		{4C07C14B-53C3-7166-39A5-7C4B1DC3E855}.Release|Any CPU.Build.0 = Release|Any CPU
	EndGlobalSection
	GlobalSection(SolutionProperties) = preSolution
		HideSolutionNode = FALSE
	EndGlobalSection
	GlobalSection(ExtensibilityGlobals) = postSolution
		SolutionGuid = {70F04B25-67B9-43E0-856C-E768F0122FE4}
	EndGlobalSection
EndGlobal
